// !$*UTF8*$!
{
	archiveVersion = 1;
	classes = {
	};
	objectVersion = 50;
	objects = {

/* Begin PBXBuildFile section */
		60EA1E5C26CD8D1B00A56608 /* TouchdownApp.swift in Sources */ = {isa = PBXBuildFile; fileRef = 60EA1E5B26CD8D1B00A56608 /* TouchdownApp.swift */; };
		60EA1E5E26CD8D1B00A56608 /* ContentView.swift in Sources */ = {isa = PBXBuildFile; fileRef = 60EA1E5D26CD8D1B00A56608 /* ContentView.swift */; };
		60EA1E6026CD8D1C00A56608 /* Assets.xcassets in Resources */ = {isa = PBXBuildFile; fileRef = 60EA1E5F26CD8D1C00A56608 /* Assets.xcassets */; };
		60EA1E6326CD8D1C00A56608 /* Preview Assets.xcassets in Resources */ = {isa = PBXBuildFile; fileRef = 60EA1E6226CD8D1C00A56608 /* Preview Assets.xcassets */; };
		60EA1E6E26CD8DDE00A56608 /* category.json in Resources */ = {isa = PBXBuildFile; fileRef = 60EA1E6A26CD8DDE00A56608 /* category.json */; };
		60EA1E6F26CD8DDE00A56608 /* player.json in Resources */ = {isa = PBXBuildFile; fileRef = 60EA1E6B26CD8DDE00A56608 /* player.json */; };
		60EA1E7026CD8DDE00A56608 /* product.json in Resources */ = {isa = PBXBuildFile; fileRef = 60EA1E6C26CD8DDE00A56608 /* product.json */; };
		60EA1E7126CD8DDE00A56608 /* brand.json in Resources */ = {isa = PBXBuildFile; fileRef = 60EA1E6D26CD8DDE00A56608 /* brand.json */; };
		60EA1E7B26CD908100A56608 /* Constant.swift in Sources */ = {isa = PBXBuildFile; fileRef = 60EA1E7A26CD908100A56608 /* Constant.swift */; };
		60EA1E7D26CD912A00A56608 /* FooterView.swift in Sources */ = {isa = PBXBuildFile; fileRef = 60EA1E7C26CD912A00A56608 /* FooterView.swift */; };
/* End PBXBuildFile section */

/* Begin PBXFileReference section */
		60EA1E5826CD8D1B00A56608 /* Touchdown.app */ = {isa = PBXFileReference; explicitFileType = wrapper.application; includeInIndex = 0; path = Touchdown.app; sourceTree = BUILT_PRODUCTS_DIR; };
		60EA1E5B26CD8D1B00A56608 /* TouchdownApp.swift */ = {isa = PBXFileReference; lastKnownFileType = sourcecode.swift; path = TouchdownApp.swift; sourceTree = "<group>"; };
		60EA1E5D26CD8D1B00A56608 /* ContentView.swift */ = {isa = PBXFileReference; lastKnownFileType = sourcecode.swift; path = ContentView.swift; sourceTree = "<group>"; };
		60EA1E5F26CD8D1C00A56608 /* Assets.xcassets */ = {isa = PBXFileReference; lastKnownFileType = folder.assetcatalog; path = Assets.xcassets; sourceTree = "<group>"; };
		60EA1E6226CD8D1C00A56608 /* Preview Assets.xcassets */ = {isa = PBXFileReference; lastKnownFileType = folder.assetcatalog; path = "Preview Assets.xcassets"; sourceTree = "<group>"; };
		60EA1E6426CD8D1C00A56608 /* Info.plist */ = {isa = PBXFileReference; lastKnownFileType = text.plist.xml; path = Info.plist; sourceTree = "<group>"; };
		60EA1E6A26CD8DDE00A56608 /* category.json */ = {isa = PBXFileReference; fileEncoding = 4; lastKnownFileType = text.json; path = category.json; sourceTree = "<group>"; };
		60EA1E6B26CD8DDE00A56608 /* player.json */ = {isa = PBXFileReference; fileEncoding = 4; lastKnownFileType = text.json; path = player.json; sourceTree = "<group>"; };
		60EA1E6C26CD8DDE00A56608 /* product.json */ = {isa = PBXFileReference; fileEncoding = 4; lastKnownFileType = text.json; path = product.json; sourceTree = "<group>"; };
		60EA1E6D26CD8DDE00A56608 /* brand.json */ = {isa = PBXFileReference; fileEncoding = 4; lastKnownFileType = text.json; path = brand.json; sourceTree = "<group>"; };
		60EA1E7A26CD908100A56608 /* Constant.swift */ = {isa = PBXFileReference; lastKnownFileType = sourcecode.swift; path = Constant.swift; sourceTree = "<group>"; };
		60EA1E7C26CD912A00A56608 /* FooterView.swift */ = {isa = PBXFileReference; lastKnownFileType = sourcecode.swift; path = FooterView.swift; sourceTree = "<group>"; };
/* End PBXFileReference section */

/* Begin PBXFrameworksBuildPhase section */
		60EA1E5526CD8D1B00A56608 /* Frameworks */ = {
			isa = PBXFrameworksBuildPhase;
			buildActionMask = 2147483647;
			files = (
			);
			runOnlyForDeploymentPostprocessing = 0;
		};
/* End PBXFrameworksBuildPhase section */

/* Begin PBXGroup section */
		60EA1E4F26CD8D1B00A56608 = {
			isa = PBXGroup;
			children = (
				60EA1E5A26CD8D1B00A56608 /* Touchdown */,
				60EA1E5926CD8D1B00A56608 /* Products */,
			);
			sourceTree = "<group>";
		};
		60EA1E5926CD8D1B00A56608 /* Products */ = {
			isa = PBXGroup;
			children = (
				60EA1E5826CD8D1B00A56608 /* Touchdown.app */,
			);
			name = Products;
			sourceTree = "<group>";
		};
		60EA1E5A26CD8D1B00A56608 /* Touchdown */ = {
			isa = PBXGroup;
			children = (
				60EA1E7326CD900E00A56608 /* App */,
				60EA1E7426CD901600A56608 /* Views */,
				60EA1E7926CD904D00A56608 /* Utility */,
				60EA1E7826CD904400A56608 /* Extension */,
				60EA1E7726CD903D00A56608 /* Model */,
				60EA1E7226CD8DF200A56608 /* Data */,
				60EA1E5F26CD8D1C00A56608 /* Assets.xcassets */,
				60EA1E6426CD8D1C00A56608 /* Info.plist */,
				60EA1E6126CD8D1C00A56608 /* Preview Content */,
			);
			path = Touchdown;
			sourceTree = "<group>";
		};
		60EA1E6126CD8D1C00A56608 /* Preview Content */ = {
			isa = PBXGroup;
			children = (
				60EA1E6226CD8D1C00A56608 /* Preview Assets.xcassets */,
			);
			path = "Preview Content";
			sourceTree = "<group>";
		};
		60EA1E7226CD8DF200A56608 /* Data */ = {
			isa = PBXGroup;
			children = (
				60EA1E6D26CD8DDE00A56608 /* brand.json */,
				60EA1E6A26CD8DDE00A56608 /* category.json */,
				60EA1E6B26CD8DDE00A56608 /* player.json */,
				60EA1E6C26CD8DDE00A56608 /* product.json */,
			);
			path = Data;
			sourceTree = "<group>";
		};
		60EA1E7326CD900E00A56608 /* App */ = {
			isa = PBXGroup;
			children = (
				60EA1E5B26CD8D1B00A56608 /* TouchdownApp.swift */,
				60EA1E5D26CD8D1B00A56608 /* ContentView.swift */,
			);
			path = App;
			sourceTree = "<group>";
		};
		60EA1E7426CD901600A56608 /* Views */ = {
			isa = PBXGroup;
			children = (
				60EA1E7626CD903500A56608 /* Detail */,
				60EA1E7526CD902C00A56608 /* Home */,
			);
			path = Views;
			sourceTree = "<group>";
		};
		60EA1E7526CD902C00A56608 /* Home */ = {
			isa = PBXGroup;
			children = (
				60EA1E7C26CD912A00A56608 /* FooterView.swift */,
			);
			path = Home;
			sourceTree = "<group>";
		};
		60EA1E7626CD903500A56608 /* Detail */ = {
			isa = PBXGroup;
			children = (
			);
			path = Detail;
			sourceTree = "<group>";
		};
		60EA1E7726CD903D00A56608 /* Model */ = {
			isa = PBXGroup;
			children = (
			);
			path = Model;
			sourceTree = "<group>";
		};
		60EA1E7826CD904400A56608 /* Extension */ = {
			isa = PBXGroup;
			children = (
			);
			path = Extension;
			sourceTree = "<group>";
		};
		60EA1E7926CD904D00A56608 /* Utility */ = {
			isa = PBXGroup;
			children = (
				60EA1E7A26CD908100A56608 /* Constant.swift */,
			);
			name = Utility;
			sourceTree = "<group>";
		};
/* End PBXGroup section */

/* Begin PBXNativeTarget section */
		60EA1E5726CD8D1B00A56608 /* Touchdown */ = {
			isa = PBXNativeTarget;
			buildConfigurationList = 60EA1E6726CD8D1C00A56608 /* Build configuration list for PBXNativeTarget "Touchdown" */;
			buildPhases = (
				60EA1E5426CD8D1B00A56608 /* Sources */,
				60EA1E5526CD8D1B00A56608 /* Frameworks */,
				60EA1E5626CD8D1B00A56608 /* Resources */,
			);
			buildRules = (
			);
			dependencies = (
			);
			name = Touchdown;
			productName = Touchdown;
			productReference = 60EA1E5826CD8D1B00A56608 /* Touchdown.app */;
			productType = "com.apple.product-type.application";
		};
/* End PBXNativeTarget section */

/* Begin PBXProject section */
		60EA1E5026CD8D1B00A56608 /* Project object */ = {
			isa = PBXProject;
			attributes = {
				LastSwiftUpdateCheck = 1250;
				LastUpgradeCheck = 1250;
				TargetAttributes = {
					60EA1E5726CD8D1B00A56608 = {
						CreatedOnToolsVersion = 12.5.1;
					};
				};
			};
			buildConfigurationList = 60EA1E5326CD8D1B00A56608 /* Build configuration list for PBXProject "Touchdown" */;
			compatibilityVersion = "Xcode 9.3";
			developmentRegion = en;
			hasScannedForEncodings = 0;
			knownRegions = (
				en,
				Base,
			);
			mainGroup = 60EA1E4F26CD8D1B00A56608;
			productRefGroup = 60EA1E5926CD8D1B00A56608 /* Products */;
			projectDirPath = "";
			projectRoot = "";
			targets = (
				60EA1E5726CD8D1B00A56608 /* Touchdown */,
			);
		};
/* End PBXProject section */

/* Begin PBXResourcesBuildPhase section */
		60EA1E5626CD8D1B00A56608 /* Resources */ = {
			isa = PBXResourcesBuildPhase;
			buildActionMask = 2147483647;
			files = (
				60EA1E6F26CD8DDE00A56608 /* player.json in Resources */,
				60EA1E6E26CD8DDE00A56608 /* category.json in Resources */,
				60EA1E6326CD8D1C00A56608 /* Preview Assets.xcassets in Resources */,
				60EA1E6026CD8D1C00A56608 /* Assets.xcassets in Resources */,
				60EA1E7026CD8DDE00A56608 /* product.json in Resources */,
				60EA1E7126CD8DDE00A56608 /* brand.json in Resources */,
			);
			runOnlyForDeploymentPostprocessing = 0;
		};
/* End PBXResourcesBuildPhase section */

/* Begin PBXSourcesBuildPhase section */
		60EA1E5426CD8D1B00A56608 /* Sources */ = {
			isa = PBXSourcesBuildPhase;
			buildActionMask = 2147483647;
			files = (
				60EA1E5E26CD8D1B00A56608 /* ContentView.swift in Sources */,
				60EA1E7D26CD912A00A56608 /* FooterView.swift in Sources */,
				60EA1E5C26CD8D1B00A56608 /* TouchdownApp.swift in Sources */,
				60EA1E7B26CD908100A56608 /* Constant.swift in Sources */,
			);
			runOnlyForDeploymentPostprocessing = 0;
		};
/* End PBXSourcesBuildPhase section */

/* Begin XCBuildConfiguration section */
		60EA1E6526CD8D1C00A56608 /* Debug */ = {
			isa = XCBuildConfiguration;
			buildSettings = {
				ALWAYS_SEARCH_USER_PATHS = NO;
				CLANG_ANALYZER_NONNULL = YES;
				CLANG_ANALYZER_NUMBER_OBJECT_CONVERSION = YES_AGGRESSIVE;
				CLANG_CXX_LANGUAGE_STANDARD = "gnu++14";
				CLANG_CXX_LIBRARY = "libc++";
				CLANG_ENABLE_MODULES = YES;
				CLANG_ENABLE_OBJC_ARC = YES;
				CLANG_ENABLE_OBJC_WEAK = YES;
				CLANG_WARN_BLOCK_CAPTURE_AUTORELEASING = YES;
				CLANG_WARN_BOOL_CONVERSION = YES;
				CLANG_WARN_COMMA = YES;
				CLANG_WARN_CONSTANT_CONVERSION = YES;
				CLANG_WARN_DEPRECATED_OBJC_IMPLEMENTATIONS = YES;
				CLANG_WARN_DIRECT_OBJC_ISA_USAGE = YES_ERROR;
				CLANG_WARN_DOCUMENTATION_COMMENTS = YES;
				CLANG_WARN_EMPTY_BODY = YES;
				CLANG_WARN_ENUM_CONVERSION = YES;
				CLANG_WARN_INFINITE_RECURSION = YES;
				CLANG_WARN_INT_CONVERSION = YES;
				CLANG_WARN_NON_LITERAL_NULL_CONVERSION = YES;
				CLANG_WARN_OBJC_IMPLICIT_RETAIN_SELF = YES;
				CLANG_WARN_OBJC_LITERAL_CONVERSION = YES;
				CLANG_WARN_OBJC_ROOT_CLASS = YES_ERROR;
				CLANG_WARN_QUOTED_INCLUDE_IN_FRAMEWORK_HEADER = YES;
				CLANG_WARN_RANGE_LOOP_ANALYSIS = YES;
				CLANG_WARN_STRICT_PROTOTYPES = YES;
				CLANG_WARN_SUSPICIOUS_MOVE = YES;
				CLANG_WARN_UNGUARDED_AVAILABILITY = YES_AGGRESSIVE;
				CLANG_WARN_UNREACHABLE_CODE = YES;
				CLANG_WARN__DUPLICATE_METHOD_MATCH = YES;
				COPY_PHASE_STRIP = NO;
				DEBUG_INFORMATION_FORMAT = dwarf;
				ENABLE_STRICT_OBJC_MSGSEND = YES;
				ENABLE_TESTABILITY = YES;
				GCC_C_LANGUAGE_STANDARD = gnu11;
				GCC_DYNAMIC_NO_PIC = NO;
				GCC_NO_COMMON_BLOCKS = YES;
				GCC_OPTIMIZATION_LEVEL = 0;
				GCC_PREPROCESSOR_DEFINITIONS = (
					"DEBUG=1",
					"$(inherited)",
				);
				GCC_WARN_64_TO_32_BIT_CONVERSION = YES;
				GCC_WARN_ABOUT_RETURN_TYPE = YES_ERROR;
				GCC_WARN_UNDECLARED_SELECTOR = YES;
				GCC_WARN_UNINITIALIZED_AUTOS = YES_AGGRESSIVE;
				GCC_WARN_UNUSED_FUNCTION = YES;
				GCC_WARN_UNUSED_VARIABLE = YES;
				IPHONEOS_DEPLOYMENT_TARGET = 14.5;
				MTL_ENABLE_DEBUG_INFO = INCLUDE_SOURCE;
				MTL_FAST_MATH = YES;
				ONLY_ACTIVE_ARCH = YES;
				SDKROOT = iphoneos;
				SWIFT_ACTIVE_COMPILATION_CONDITIONS = DEBUG;
				SWIFT_OPTIMIZATION_LEVEL = "-Onone";
			};
			name = Debug;
		};
		60EA1E6626CD8D1C00A56608 /* Release */ = {
			isa = XCBuildConfiguration;
			buildSettings = {
				ALWAYS_SEARCH_USER_PATHS = NO;
				CLANG_ANALYZER_NONNULL = YES;
				CLANG_ANALYZER_NUMBER_OBJECT_CONVERSION = YES_AGGRESSIVE;
				CLANG_CXX_LANGUAGE_STANDARD = "gnu++14";
				CLANG_CXX_LIBRARY = "libc++";
				CLANG_ENABLE_MODULES = YES;
				CLANG_ENABLE_OBJC_ARC = YES;
				CLANG_ENABLE_OBJC_WEAK = YES;
				CLANG_WARN_BLOCK_CAPTURE_AUTORELEASING = YES;
				CLANG_WARN_BOOL_CONVERSION = YES;
				CLANG_WARN_COMMA = YES;
				CLANG_WARN_CONSTANT_CONVERSION = YES;
				CLANG_WARN_DEPRECATED_OBJC_IMPLEMENTATIONS = YES;
				CLANG_WARN_DIRECT_OBJC_ISA_USAGE = YES_ERROR;
				CLANG_WARN_DOCUMENTATION_COMMENTS = YES;
				CLANG_WARN_EMPTY_BODY = YES;
				CLANG_WARN_ENUM_CONVERSION = YES;
				CLANG_WARN_INFINITE_RECURSION = YES;
				CLANG_WARN_INT_CONVERSION = YES;
				CLANG_WARN_NON_LITERAL_NULL_CONVERSION = YES;
				CLANG_WARN_OBJC_IMPLICIT_RETAIN_SELF = YES;
				CLANG_WARN_OBJC_LITERAL_CONVERSION = YES;
				CLANG_WARN_OBJC_ROOT_CLASS = YES_ERROR;
				CLANG_WARN_QUOTED_INCLUDE_IN_FRAMEWORK_HEADER = YES;
				CLANG_WARN_RANGE_LOOP_ANALYSIS = YES;
				CLANG_WARN_STRICT_PROTOTYPES = YES;
				CLANG_WARN_SUSPICIOUS_MOVE = YES;
				CLANG_WARN_UNGUARDED_AVAILABILITY = YES_AGGRESSIVE;
				CLANG_WARN_UNREACHABLE_CODE = YES;
				CLANG_WARN__DUPLICATE_METHOD_MATCH = YES;
				COPY_PHASE_STRIP = NO;
				DEBUG_INFORMATION_FORMAT = "dwarf-with-dsym";
				ENABLE_NS_ASSERTIONS = NO;
				ENABLE_STRICT_OBJC_MSGSEND = YES;
				GCC_C_LANGUAGE_STANDARD = gnu11;
				GCC_NO_COMMON_BLOCKS = YES;
				GCC_WARN_64_TO_32_BIT_CONVERSION = YES;
				GCC_WARN_ABOUT_RETURN_TYPE = YES_ERROR;
				GCC_WARN_UNDECLARED_SELECTOR = YES;
				GCC_WARN_UNINITIALIZED_AUTOS = YES_AGGRESSIVE;
				GCC_WARN_UNUSED_FUNCTION = YES;
				GCC_WARN_UNUSED_VARIABLE = YES;
				IPHONEOS_DEPLOYMENT_TARGET = 14.5;
				MTL_ENABLE_DEBUG_INFO = NO;
				MTL_FAST_MATH = YES;
				SDKROOT = iphoneos;
				SWIFT_COMPILATION_MODE = wholemodule;
				SWIFT_OPTIMIZATION_LEVEL = "-O";
				VALIDATE_PRODUCT = YES;
			};
			name = Release;
		};
		60EA1E6826CD8D1C00A56608 /* Debug */ = {
			isa = XCBuildConfiguration;
			buildSettings = {
				ASSETCATALOG_COMPILER_APPICON_NAME = AppIcon;
				ASSETCATALOG_COMPILER_GLOBAL_ACCENT_COLOR_NAME = AccentColor;
				CODE_SIGN_STYLE = Automatic;
				DEVELOPMENT_ASSET_PATHS = "\"Touchdown/Preview Content\"";
				DEVELOPMENT_TEAM = N4CRXDCNQC;
				ENABLE_PREVIEWS = YES;
				INFOPLIST_FILE = Touchdown/Info.plist;
				IPHONEOS_DEPLOYMENT_TARGET = 14.0;
				LD_RUNPATH_SEARCH_PATHS = (
					"$(inherited)",
					"@executable_path/Frameworks",
				);
				PRODUCT_BUNDLE_IDENTIFIER = com.devsolutions.marcoart.Touchdown;
				PRODUCT_NAME = "$(TARGET_NAME)";
				SWIFT_VERSION = 5.0;
				TARGETED_DEVICE_FAMILY = "1,2";
			};
			name = Debug;
		};
		60EA1E6926CD8D1C00A56608 /* Release */ = {
			isa = XCBuildConfiguration;
			buildSettings = {
				ASSETCATALOG_COMPILER_APPICON_NAME = AppIcon;
				ASSETCATALOG_COMPILER_GLOBAL_ACCENT_COLOR_NAME = AccentColor;
				CODE_SIGN_STYLE = Automatic;
				DEVELOPMENT_ASSET_PATHS = "\"Touchdown/Preview Content\"";
				DEVELOPMENT_TEAM = N4CRXDCNQC;
				ENABLE_PREVIEWS = YES;
				INFOPLIST_FILE = Touchdown/Info.plist;
				IPHONEOS_DEPLOYMENT_TARGET = 14.0;
				LD_RUNPATH_SEARCH_PATHS = (
					"$(inherited)",
					"@executable_path/Frameworks",
				);
				PRODUCT_BUNDLE_IDENTIFIER = com.devsolutions.marcoart.Touchdown;
				PRODUCT_NAME = "$(TARGET_NAME)";
				SWIFT_VERSION = 5.0;
				TARGETED_DEVICE_FAMILY = "1,2";
			};
			name = Release;
		};
/* End XCBuildConfiguration section */

/* Begin XCConfigurationList section */
		60EA1E5326CD8D1B00A56608 /* Build configuration list for PBXProject "Touchdown" */ = {
			isa = XCConfigurationList;
			buildConfigurations = (
				60EA1E6526CD8D1C00A56608 /* Debug */,
				60EA1E6626CD8D1C00A56608 /* Release */,
			);
			defaultConfigurationIsVisible = 0;
			defaultConfigurationName = Release;
		};
		60EA1E6726CD8D1C00A56608 /* Build configuration list for PBXNativeTarget "Touchdown" */ = {
			isa = XCConfigurationList;
			buildConfigurations = (
				60EA1E6826CD8D1C00A56608 /* Debug */,
				60EA1E6926CD8D1C00A56608 /* Release */,
			);
			defaultConfigurationIsVisible = 0;
			defaultConfigurationName = Release;
		};
/* End XCConfigurationList section */
	};
	rootObject = 60EA1E5026CD8D1B00A56608 /* Project object */;
}
